
Microsoft Visual Studio Solution File, Format Version 12.00
# Visual Studio Version 17
VisualStudioVersion = 17.10.34928.147
MinimumVisualStudioVersion = 10.0.40219.1
Project("{FAE04EC0-301F-11D3-BF4B-00C04F79EFBC}") = "ShadowTalk-Test", "ShadowTalk-Test.csproj", "{B1682BDC-DE2C-4491-AFCC-ED62D9510EA5}"
EndProject
Global
	GlobalSection(SolutionConfigurationPlatforms) = preSolution
		Debug|Any CPU = Debug|Any CPU
		Release|Any CPU = Release|Any CPU
	EndGlobalSection
	GlobalSection(ProjectConfigurationPlatforms) = postSolution
		{B1682BDC-DE2C-4491-AFCC-ED62D9510EA5}.Debug|Any CPU.ActiveCfg = Debug|Any CPU
		{B1682BDC-DE2C-4491-AFCC-ED62D9510EA5}.Debug|Any CPU.Build.0 = Debug|Any CPU
		{B1682BDC-DE2C-4491-AFCC-ED62D9510EA5}.Release|Any CPU.ActiveCfg = Release|Any CPU
		{B1682BDC-DE2C-4491-AFCC-ED62D9510EA5}.Release|Any CPU.Build.0 = Release|Any CPU
	EndGlobalSection
	GlobalSection(SolutionProperties) = preSolution
		HideSolutionNode = FALSE
	EndGlobalSection
	GlobalSection(ExtensibilityGlobals) = postSolution
		SolutionGuid = {973A16D3-CBCB-484A-BA78-9E28BDEEE401}
	EndGlobalSection
EndGlobal
